
Microsoft Visual Studio Solution File, Format Version 12.00
# Visual Studio Version 16
VisualStudioVersion = 16.0.29709.97
MinimumVisualStudioVersion = 10.0.40219.1
Project("{FAE04EC0-301F-11D3-BF4B-00C04F79EFBC}") = "GameOfLifeTry", "GameOfLifeTry\GameOfLifeTry.csproj", "{663BCD94-7FD6-49E7-9F29-E2546D6BE1CD}"
EndProject
Global
	GlobalSection(SolutionConfigurationPlatforms) = preSolution
		Debug|Any CPU = Debug|Any CPU
		Release|Any CPU = Release|Any CPU
	EndGlobalSection
	GlobalSection(ProjectConfigurationPlatforms) = postSolution
		{663BCD94-7FD6-49E7-9F29-E2546D6BE1CD}.Debug|Any CPU.ActiveCfg = Debug|Any CPU
		{663BCD94-7FD6-49E7-9F29-E2546D6BE1CD}.Debug|Any CPU.Build.0 = Debug|Any CPU
		{663BCD94-7FD6-49E7-9F29-E2546D6BE1CD}.Release|Any CPU.ActiveCfg = Release|Any CPU
		{663BCD94-7FD6-49E7-9F29-E2546D6BE1CD}.Release|Any CPU.Build.0 = Release|Any CPU
	EndGlobalSection
	GlobalSection(SolutionProperties) = preSolution
		HideSolutionNode = FALSE
	EndGlobalSection
	GlobalSection(ExtensibilityGlobals) = postSolution
		SolutionGuid = {E70FD4BC-BF06-41A6-9FF4-984B61698CB2}
	EndGlobalSection
EndGlobal
